
Microsoft Visual Studio Solution File, Format Version 12.00
# Visual Studio Version 17
VisualStudioVersion = 17.11.35312.102
MinimumVisualStudioVersion = 10.0.40219.1
Project("{FAE04EC0-301F-11D3-BF4B-00C04F79EFBC}") = "team-management-backend", "team-management-backend\team-management-backend.csproj", "{D399FA47-B955-4CD5-9B53-6AE8B5DB3170}"
EndProject
Global
	GlobalSection(SolutionConfigurationPlatforms) = preSolution
		Debug|Any CPU = Debug|Any CPU
		Release|Any CPU = Release|Any CPU
	EndGlobalSection
	GlobalSection(ProjectConfigurationPlatforms) = postSolution
		{D399FA47-B955-4CD5-9B53-6AE8B5DB3170}.Debug|Any CPU.ActiveCfg = Debug|Any CPU
		{D399FA47-B955-4CD5-9B53-6AE8B5DB3170}.Debug|Any CPU.Build.0 = Debug|Any CPU
		{D399FA47-B955-4CD5-9B53-6AE8B5DB3170}.Release|Any CPU.ActiveCfg = Release|Any CPU
		{D399FA47-B955-4CD5-9B53-6AE8B5DB3170}.Release|Any CPU.Build.0 = Release|Any CPU
	EndGlobalSection
	GlobalSection(SolutionProperties) = preSolution
		HideSolutionNode = FALSE
	EndGlobalSection
	GlobalSection(ExtensibilityGlobals) = postSolution
		SolutionGuid = {60B89932-D1A4-4D77-892A-13DF3B858A79}
	EndGlobalSection
EndGlobal
